{
    "_meta": {
        "hash": {
            "sha256": "d5be03046020d5b8a08d7e13590f0909aa3b0b821845b112c219be5e94f603d8"
        },
        "pipfile-spec": 6,
        "requires": {
            "python_version": "3.8"
        },
        "sources": [
            {
                "name": "pypi",
                "url": "https://pypi.python.org/simple",
                "verify_ssl": true
            }
        ]
    },
    "default": {
        "cffi": {
            "hashes": [
                "sha256:005f2bfe11b6745d726dbb07ace4d53f057de66e336ff92d61b8c7e9c8f4777d",
                "sha256:09e96138280241bd355cd585148dec04dbbedb4f46128f340d696eaafc82dd7b",
                "sha256:0b1ad452cc824665ddc682400b62c9e4f5b64736a2ba99110712fdee5f2505c4",
                "sha256:0ef488305fdce2580c8b2708f22d7785ae222d9825d3094ab073e22e93dfe51f",
                "sha256:15f351bed09897fbda218e4db5a3d5c06328862f6198d4fb385f3e14e19decb3",
                "sha256:22399ff4870fb4c7ef19fff6eeb20a8bbf15571913c181c78cb361024d574579",
                "sha256:23e5d2040367322824605bc29ae8ee9175200b92cb5483ac7d466927a9b3d537",
                "sha256:2791f68edc5749024b4722500e86303a10d342527e1e3bcac47f35fbd25b764e",
                "sha256:2f9674623ca39c9ebe38afa3da402e9326c245f0f5ceff0623dccdac15023e05",
                "sha256:3363e77a6176afb8823b6e06db78c46dbc4c7813b00a41300a4873b6ba63b171",
                "sha256:33c6cdc071ba5cd6d96769c8969a0531be2d08c2628a0143a10a7dcffa9719ca",
                "sha256:3b8eaf915ddc0709779889c472e553f0d3e8b7bdf62dab764c8921b09bf94522",
                "sha256:3cb3e1b9ec43256c4e0f8d2837267a70b0e1ca8c4f456685508ae6106b1f504c",
                "sha256:3eeeb0405fd145e714f7633a5173318bd88d8bbfc3dd0a5751f8c4f70ae629bc",
                "sha256:44f60519595eaca110f248e5017363d751b12782a6f2bd6a7041cba275215f5d",
                "sha256:4d7c26bfc1ea9f92084a1d75e11999e97b62d63128bcc90c3624d07813c52808",
                "sha256:529c4ed2e10437c205f38f3691a68be66c39197d01062618c55f74294a4a4828",
                "sha256:6642f15ad963b5092d65aed022d033c77763515fdc07095208f15d3563003869",
                "sha256:85ba797e1de5b48aa5a8427b6ba62cf69607c18c5d4eb747604b7302f1ec382d",
                "sha256:8f0f1e499e4000c4c347a124fa6a27d37608ced4fe9f7d45070563b7c4c370c9",
                "sha256:a624fae282e81ad2e4871bdb767e2c914d0539708c0f078b5b355258293c98b0",
                "sha256:b0358e6fefc74a16f745afa366acc89f979040e0cbc4eec55ab26ad1f6a9bfbc",
                "sha256:bbd2f4dfee1079f76943767fce837ade3087b578aeb9f69aec7857d5bf25db15",
                "sha256:bf39a9e19ce7298f1bd6a9758fa99707e9e5b1ebe5e90f2c3913a47bc548747c",
                "sha256:c11579638288e53fc94ad60022ff1b67865363e730ee41ad5e6f0a17188b327a",
                "sha256:c150eaa3dadbb2b5339675b88d4573c1be3cb6f2c33a6c83387e10cc0bf05bd3",
                "sha256:c53af463f4a40de78c58b8b2710ade243c81cbca641e34debf3396a9640d6ec1",
                "sha256:cb763ceceae04803adcc4e2d80d611ef201c73da32d8f2722e9d0ab0c7f10768",
                "sha256:cc75f58cdaf043fe6a7a6c04b3b5a0e694c6a9e24050967747251fb80d7bce0d",
                "sha256:d80998ed59176e8cba74028762fbd9b9153b9afc71ea118e63bbf5d4d0f9552b",
                "sha256:de31b5164d44ef4943db155b3e8e17929707cac1e5bd2f363e67a56e3af4af6e",
                "sha256:e66399cf0fc07de4dce4f588fc25bfe84a6d1285cc544e67987d22663393926d",
                "sha256:f0620511387790860b249b9241c2f13c3a80e21a73e0b861a2df24e9d6f56730",
                "sha256:f4eae045e6ab2bb54ca279733fe4eb85f1effda392666308250714e01907f394",
                "sha256:f92cdecb618e5fa4658aeb97d5eb3d2f47aa94ac6477c6daf0f306c5a3b9e6b1",
                "sha256:f92f789e4f9241cd262ad7a555ca2c648a98178a953af117ef7fad46aa1d5591"
            ],
            "version": "==1.14.3"
        },
        "cryptography": {
            "hashes": [
                "sha256:07ca431b788249af92764e3be9a488aa1d39a0bc3be313d826bbec690417e538",
                "sha256:13b88a0bd044b4eae1ef40e265d006e34dbcde0c2f1e15eb9896501b2d8f6c6f",
                "sha256:32434673d8505b42c0de4de86da8c1620651abd24afe91ae0335597683ed1b77",
                "sha256:3cd75a683b15576cfc822c7c5742b3276e50b21a06672dc3a800a2d5da4ecd1b",
                "sha256:4e7268a0ca14536fecfdf2b00297d4e407da904718658c1ff1961c713f90fd33",
                "sha256:545a8550782dda68f8cdc75a6e3bf252017aa8f75f19f5a9ca940772fc0cb56e",
                "sha256:55d0b896631412b6f0c7de56e12eb3e261ac347fbaa5d5e705291a9016e5f8cb",
                "sha256:5849d59358547bf789ee7e0d7a9036b2d29e9a4ddf1ce5e06bb45634f995c53e",
                "sha256:6dc59630ecce8c1f558277ceb212c751d6730bd12c80ea96b4ac65637c4f55e7",
                "sha256:7117319b44ed1842c617d0a452383a5a052ec6aa726dfbaffa8b94c910444297",
                "sha256:75e8e6684cf0034f6bf2a97095cb95f81537b12b36a8fedf06e73050bb171c2d",
                "sha256:7b8d9d8d3a9bd240f453342981f765346c87ade811519f98664519696f8e6ab7",
                "sha256:a035a10686532b0587d58a606004aa20ad895c60c4d029afa245802347fab57b",
                "sha256:a4e27ed0b2504195f855b52052eadcc9795c59909c9d84314c5408687f933fc7",
                "sha256:a733671100cd26d816eed39507e585c156e4498293a907029969234e5e634bc4",
                "sha256:a75f306a16d9f9afebfbedc41c8c2351d8e61e818ba6b4c40815e2b5740bb6b8",
                "sha256:bd717aa029217b8ef94a7d21632a3bb5a4e7218a4513d2521c2a2fd63011e98b",
                "sha256:d25cecbac20713a7c3bc544372d42d8eafa89799f492a43b79e1dfd650484851",
                "sha256:d26a2557d8f9122f9bf445fc7034242f4375bd4e95ecda007667540270965b13",
                "sha256:d3545829ab42a66b84a9aaabf216a4dce7f16dbc76eb69be5c302ed6b8f4a29b",
                "sha256:d3d5e10be0cf2a12214ddee45c6bd203dab435e3d83b4560c03066eda600bfe3",
                "sha256:efe15aca4f64f3a7ea0c09c87826490e50ed166ce67368a68f315ea0807a20df"
            ],
            "index": "pypi",
            "version": "==3.2.1"
        },
        "entrypoints": {
            "hashes": [
                "sha256:589f874b313739ad35be6e0cd7efde2a4e9b6fea91edcc34e58ecbb8dbe56d19",
                "sha256:c70dd71abe5a8c85e55e12c19bd91ccfeec11a6e99044204511f9ed547d48451"
            ],
            "index": "pypi",
            "version": "==0.3"
        },
        "mccabe": {
            "hashes": [
                "sha256:ab8a6258860da4b6677da4bd2fe5dc2c659cff31b3ee4f7f5d64e79735b80d42",
                "sha256:dd8d182285a0fe56bace7f45b5e7d1a6ebcbf524e8f3bd87eb0f125271b8831f"
            ],
            "index": "pypi",
            "version": "==0.6.1"
        },
        "pycparser": {
            "hashes": [
                "sha256:2d475327684562c3a96cc71adf7dc8c4f0565175cf86b6d7a404ff4c771f15f0",
                "sha256:7582ad22678f0fcd81102833f60ef8d0e57288b6b5fb00323d101be910e35705"
            ],
            "markers": "python_version >= '2.7' and python_version not in '3.0, 3.1, 3.2, 3.3'",
            "version": "==2.20"
        },
        "pysimplegui": {
            "hashes": [
                "sha256:181b9e65e9ddb4e85c1f0ffaff0d0c7ade0d1571158a4a979ebd4e006d870533",
                "sha256:9d8e6b8c4996c2478191b66559f00ef25f366e17ed709b5f6aa6a35a8f490e4f"
            ],
            "index": "pypi",
            "version": "==4.30.0"
        },
        "schedule": {
            "hashes": [
                "sha256:3f895a1036799a25ab9c335de917073e63cf8256920917e932777382f101f08f",
                "sha256:f9fb5181283de4db6e701d476dd01b6a3dd81c38462a54991ddbb9d26db857c9"
            ],
            "index": "pypi",
            "version": "==0.6.0"
        },
        "selenium": {
            "hashes": [
                "sha256:2d7131d7bc5a5b99a2d9b04aaf2612c411b03b8ca1b1ee8d3de5845a9be2cb3c",
                "sha256:deaf32b60ad91a4611b98d8002757f29e6f2c2d5fcaf202e1c9ad06d6772300d"
            ],
            "index": "pypi",
            "version": "==3.141.0"
        },
        "six": {
            "hashes": [
                "sha256:30639c035cdb23534cd4aa2dd52c3bf48f06e5f4a941509c8bafd8ce11080259",
                "sha256:8b74bedcbbbaca38ff6d7491d76f2b06b3592611af620f8426e82dddb04a5ced"
            ],
            "markers": "python_version >= '2.7' and python_version not in '3.0, 3.1, 3.2, 3.3'",
            "version": "==1.15.0"
        },
        "urllib3": {
            "hashes": [
                "sha256:a8a318824cc77d1fd4b2bec2ded92646630d7fe8619497b142c84a9e6f5a7293",
                "sha256:f3c5fd51747d450d4dcf6f923c81f78f811aab8205fda64b0aba34a4e48b0745"
            ],
            "index": "pypi",
            "version": "==1.25.7"
        }
    },
    "develop": {
        "altgraph": {
            "hashes": [
                "sha256:1f05a47122542f97028caf78775a095fbe6a2699b5089de8477eb583167d69aa",
                "sha256:c623e5f3408ca61d4016f23a681b9adb100802ca3e3da5e718915a9e4052cebe"
            ],
            "version": "==0.17"
        },
        "autopep8": {
            "hashes": [
                "sha256:d21d3901cb0da6ebd1e83fc9b0dfbde8b46afc2ede4fe32fbda0c7c6118ca094"
            ],
            "index": "pypi",
            "version": "==1.5.4"
        },
        "flake8": {
            "hashes": [
                "sha256:749dbbd6bfd0cf1318af27bf97a14e28e5ff548ef8e5b1566ccfb25a11e7c839",
                "sha256:aadae8761ec651813c24be05c6f7b4680857ef6afaae4651a4eccaef97ce6c3b"
            ],
            "index": "pypi",
            "version": "==3.8.4"
        },
        "future": {
            "hashes": [
                "sha256:b1bead90b70cf6ec3f0710ae53a525360fa360d306a86583adc6bf83a4db537d"
            ],
            "markers": "python_version >= '2.6' and python_version not in '3.0, 3.1, 3.2, 3.3'",
            "version": "==0.18.2"
        },
        "mccabe": {
            "hashes": [
                "sha256:ab8a6258860da4b6677da4bd2fe5dc2c659cff31b3ee4f7f5d64e79735b80d42",
                "sha256:dd8d182285a0fe56bace7f45b5e7d1a6ebcbf524e8f3bd87eb0f125271b8831f"
            ],
            "index": "pypi",
            "version": "==0.6.1"
        },
        "pefile": {
            "hashes": [
                "sha256:a5d6e8305c6b210849b47a6174ddf9c452b2888340b8177874b862ba6c207645"
            ],
            "markers": "sys_platform == 'win32'",
            "version": "==2019.4.18"
        },
        "pycodestyle": {
            "hashes": [
                "sha256:2295e7b2f6b5bd100585ebcb1f616591b652db8a741695b3d8f5d28bdc934367",
                "sha256:c58a7d2815e0e8d7972bf1803331fb0152f867bd89adf8a01dfd55085434192e"
            ],
            "markers": "python_version >= '2.7' and python_version not in '3.0, 3.1, 3.2, 3.3'",
            "version": "==2.6.0"
        },
        "pyflakes": {
            "hashes": [
                "sha256:0d94e0e05a19e57a99444b6ddcf9a6eb2e5c68d3ca1e98e90707af8152c90a92",
                "sha256:35b2d75ee967ea93b55750aa9edbbf72813e06a66ba54438df2cfac9e3c27fc8"
            ],
            "markers": "python_version >= '2.7' and python_version not in '3.0, 3.1, 3.2, 3.3'",
            "version": "==2.2.0"
        },
        "pyinstaller": {
            "hashes": [
                "sha256:970beb07115761d5e4ec317c1351b712fd90ae7f23994db914c633281f99bab0"
            ],
            "index": "pypi",
            "version": "==4.0"
        },
        "pyinstaller-hooks-contrib": {
            "hashes": [
                "sha256:bf4543a16c9c6e9dd2d70ea3fee78b81d3357a68f706df471d990213892259d9",
                "sha256:dd752c88c1c7bb6920f7de248c12d4411c0463877e5e64afdc4f7e93dff9fc94"
            ],
            "version": "==2020.10"
        },
        "pywin32-ctypes": {
            "hashes": [
                "sha256:24ffc3b341d457d48e8922352130cf2644024a4ff09762a2261fd34c36ee5942",
                "sha256:9dc2d991b3479cc2df15930958b674a48a227d5361d413827a4cfd0b5876fc98"
            ],
            "markers": "sys_platform == 'win32'",
            "version": "==0.2.0"
        },
        "toml": {
            "hashes": [
                "sha256:806143ae5bfb6a3c6e736a764057db0e6a0e05e338b5630894a5f779cabb4f9b",
                "sha256:b3bda1d108d5dd99f4a20d24d9c348e91c4db7ab1b749200bded2f839ccbe68f"
            ],
            "markers": "python_version >= '2.6' and python_version not in '3.0, 3.1, 3.2, 3.3'",
            "version": "==0.10.2"
        }
    }
}
